
Microsoft Visual Studio Solution File, Format Version 12.00
# Visual Studio Version 17
VisualStudioVersion = 17.8.34322.80
MinimumVisualStudioVersion = 10.0.40219.1
Project("{FAE04EC0-301F-11D3-BF4B-00C04F79EFBC}") = "PortfolioStax", "PortfolioStax.csproj", "{FAF460F4-1D28-42D2-AB85-5A5E7E9F7797}"
EndProject
Global
	GlobalSection(SolutionConfigurationPlatforms) = preSolution
		Debug|Any CPU = Debug|Any CPU
		Release|Any CPU = Release|Any CPU
	EndGlobalSection
	GlobalSection(ProjectConfigurationPlatforms) = postSolution
		{FAF460F4-1D28-42D2-AB85-5A5E7E9F7797}.Debug|Any CPU.ActiveCfg = Debug|Any CPU
		{FAF460F4-1D28-42D2-AB85-5A5E7E9F7797}.Debug|Any CPU.Build.0 = Debug|Any CPU
		{FAF460F4-1D28-42D2-AB85-5A5E7E9F7797}.Release|Any CPU.ActiveCfg = Release|Any CPU
		{FAF460F4-1D28-42D2-AB85-5A5E7E9F7797}.Release|Any CPU.Build.0 = Release|Any CPU
	EndGlobalSection
	GlobalSection(SolutionProperties) = preSolution
		HideSolutionNode = FALSE
	EndGlobalSection
	GlobalSection(ExtensibilityGlobals) = postSolution
		SolutionGuid = {405437DF-091D-4CC7-AACA-76BAF77170FE}
	EndGlobalSection
EndGlobal
